
Microsoft Visual Studio Solution File, Format Version 12.00
# Visual Studio Version 17
VisualStudioVersion = 17.9.34728.123
MinimumVisualStudioVersion = 10.0.40219.1
Project("{FAE04EC0-301F-11D3-BF4B-00C04F79EFBC}") = "Set_ElJur", "Set_ElJur\Set_ElJur.csproj", "{A52982ED-1BB2-4F6A-9BC4-9785B59BF150}"
EndProject
Project("{FAE04EC0-301F-11D3-BF4B-00C04F79EFBC}") = "ArgeCode", "..\..\..\..\..\D\GitHub\GitHubOll\ArgeCode\ArgeCodEXE\ArgeCode\ArgeCode.csproj", "{F66B87C7-8AAE-4149-9B5D-81F79F0036DE}"
EndProject
Global
	GlobalSection(SolutionConfigurationPlatforms) = preSolution
		Debug|Any CPU = Debug|Any CPU
		Release|Any CPU = Release|Any CPU
	EndGlobalSection
	GlobalSection(ProjectConfigurationPlatforms) = postSolution
		{A52982ED-1BB2-4F6A-9BC4-9785B59BF150}.Debug|Any CPU.ActiveCfg = Debug|Any CPU
		{A52982ED-1BB2-4F6A-9BC4-9785B59BF150}.Debug|Any CPU.Build.0 = Debug|Any CPU
		{A52982ED-1BB2-4F6A-9BC4-9785B59BF150}.Release|Any CPU.ActiveCfg = Release|Any CPU
		{A52982ED-1BB2-4F6A-9BC4-9785B59BF150}.Release|Any CPU.Build.0 = Release|Any CPU
		{F66B87C7-8AAE-4149-9B5D-81F79F0036DE}.Debug|Any CPU.ActiveCfg = Debug|Any CPU
		{F66B87C7-8AAE-4149-9B5D-81F79F0036DE}.Debug|Any CPU.Build.0 = Debug|Any CPU
		{F66B87C7-8AAE-4149-9B5D-81F79F0036DE}.Release|Any CPU.ActiveCfg = Release|Any CPU
		{F66B87C7-8AAE-4149-9B5D-81F79F0036DE}.Release|Any CPU.Build.0 = Release|Any CPU
	EndGlobalSection
	GlobalSection(SolutionProperties) = preSolution
		HideSolutionNode = FALSE
	EndGlobalSection
	GlobalSection(ExtensibilityGlobals) = postSolution
		SolutionGuid = {D3EEBCCF-0830-4116-9A10-F3A3D643FFF2}
	EndGlobalSection
EndGlobal
